
Microsoft Visual Studio Solution File, Format Version 12.00
# Visual Studio 15
VisualStudioVersion = 15.0.26430.6
MinimumVisualStudioVersion = 10.0.40219.1
Project("{FAE04EC0-301F-11D3-BF4B-00C04F79EFBC}") = "Alexa-Api-Base", "Alexa-Api-Base\Alexa-Api-Base.csproj", "{CAB95F7D-60BD-4E3B-B946-475EC5035E25}"
EndProject
Project("{FAE04EC0-301F-11D3-BF4B-00C04F79EFBC}") = "Alexa-Api-Tests", "Alexa-Api-Test\Alexa-Api-Tests.csproj", "{8862028D-5D0F-4B52-9438-DC53B5E2883F}"
EndProject
Global
	GlobalSection(SolutionConfigurationPlatforms) = preSolution
		Debug|Any CPU = Debug|Any CPU
		Release|Any CPU = Release|Any CPU
	EndGlobalSection
	GlobalSection(ProjectConfigurationPlatforms) = postSolution
		{CAB95F7D-60BD-4E3B-B946-475EC5035E25}.Debug|Any CPU.ActiveCfg = Debug|Any CPU
		{CAB95F7D-60BD-4E3B-B946-475EC5035E25}.Debug|Any CPU.Build.0 = Debug|Any CPU
		{CAB95F7D-60BD-4E3B-B946-475EC5035E25}.Release|Any CPU.ActiveCfg = Release|Any CPU
		{CAB95F7D-60BD-4E3B-B946-475EC5035E25}.Release|Any CPU.Build.0 = Release|Any CPU
		{8862028D-5D0F-4B52-9438-DC53B5E2883F}.Debug|Any CPU.ActiveCfg = Debug|Any CPU
		{8862028D-5D0F-4B52-9438-DC53B5E2883F}.Debug|Any CPU.Build.0 = Debug|Any CPU
		{8862028D-5D0F-4B52-9438-DC53B5E2883F}.Release|Any CPU.ActiveCfg = Release|Any CPU
		{8862028D-5D0F-4B52-9438-DC53B5E2883F}.Release|Any CPU.Build.0 = Release|Any CPU
	EndGlobalSection
	GlobalSection(SolutionProperties) = preSolution
		HideSolutionNode = FALSE
	EndGlobalSection
EndGlobal
